{
  "originHash" : "c9e39828896c24474e8e81b59a5188a6c55774a661582af43829d1ff06bf5548",
  "pins" : [
    {
      "identity" : "tortoisegraphics2",
      "kind" : "remoteSourceControl",
      "location" : "https://github.com/temoki/TortoiseGraphics2",
      "state" : {
        "revision" : "8304101e5cdc8d717963ec1ac8ba143b2b6553d9",
        "version" : "2.0.0"
      }
    }
  ],
  "version" : 3
}
