{
  "originHash" : "c9e39828896c24474e8e81b59a5188a6c55774a661582af43829d1ff06bf5548",
  "pins" : [
    {
      "identity" : "tortoisegraphics2",
      "kind" : "remoteSourceControl",
      "location" : "https://github.com/temoki/TortoiseGraphics2",
      "state" : {
        "revision" : "83941fe71e20d39941f72d7f38d16d82308e3635",
        "version" : "2.1.0"
      }
    }
  ],
  "version" : 3
}
