{
  "originHash" : "c9e39828896c24474e8e81b59a5188a6c55774a661582af43829d1ff06bf5548",
  "pins" : [
    {
      "identity" : "tortoisegraphics2",
      "kind" : "remoteSourceControl",
      "location" : "https://github.com/temoki/TortoiseGraphics2",
      "state" : {
        "revision" : "519e774ca4d8888b4ba78bd6c8fd04e84e492619",
        "version" : "2.0.0-beta9"
      }
    }
  ],
  "version" : 3
}
