{
  "originHash" : "f588d59fc6f8ba8b48a6114e8ef6c38f337ae1d5db87f4275a48060ecb302043",
  "pins" : [
    {
      "identity" : "tortoisegraphics2",
      "kind" : "remoteSourceControl",
      "location" : "https://github.com/temoki/TortoiseGraphics2",
      "state" : {
        "revision" : "876476c81ebcf42e8902854027976fb0d7515501",
        "version" : "2.0.0-beta11"
      }
    }
  ],
  "version" : 3
}
