{
  "originHash" : "6f793ae5ce9d59bfe288dda5c0a74b4c288b2bae63418b026cf2f644effa56e9",
  "pins" : [
    {
      "identity" : "tortoisegraphics2",
      "kind" : "remoteSourceControl",
      "location" : "https://github.com/temoki/TortoiseGraphics2",
      "state" : {
        "revision" : "83941fe71e20d39941f72d7f38d16d82308e3635",
        "version" : "2.1.0"
      }
    }
  ],
  "version" : 3
}
